
Microsoft Visual Studio Solution File, Format Version 12.00
# Visual Studio Version 17
VisualStudioVersion = 17.8.34525.116
MinimumVisualStudioVersion = 10.0.40219.1
Project("{FAE04EC0-301F-11D3-BF4B-00C04F79EFBC}") = "SchoolReinforcement", "SchoolReinforcement\SchoolReinforcement.csproj", "{EB73CCA3-1DAB-485C-9D07-F43DC5813B06}"
EndProject
Global
	GlobalSection(SolutionConfigurationPlatforms) = preSolution
		Debug|Any CPU = Debug|Any CPU
		Release|Any CPU = Release|Any CPU
	EndGlobalSection
	GlobalSection(ProjectConfigurationPlatforms) = postSolution
		{EB73CCA3-1DAB-485C-9D07-F43DC5813B06}.Debug|Any CPU.ActiveCfg = Debug|Any CPU
		{EB73CCA3-1DAB-485C-9D07-F43DC5813B06}.Debug|Any CPU.Build.0 = Debug|Any CPU
		{EB73CCA3-1DAB-485C-9D07-F43DC5813B06}.Release|Any CPU.ActiveCfg = Release|Any CPU
		{EB73CCA3-1DAB-485C-9D07-F43DC5813B06}.Release|Any CPU.Build.0 = Release|Any CPU
	EndGlobalSection
	GlobalSection(SolutionProperties) = preSolution
		HideSolutionNode = FALSE
	EndGlobalSection
	GlobalSection(ExtensibilityGlobals) = postSolution
		SolutionGuid = {A78AAE0A-037E-43A8-BB33-C1A493BC5965}
	EndGlobalSection
EndGlobal
